
Microsoft Visual Studio Solution File, Format Version 12.00
# Visual Studio Version 17
VisualStudioVersion = 17.1.32228.430
MinimumVisualStudioVersion = 10.0.40219.1
Project("{FAE04EC0-301F-11D3-BF4B-00C04F79EFBC}") = "Laboratorio09", "Laboratorio09\Laboratorio09.csproj", "{BD21A130-63CE-4530-92E3-24923826663E}"
EndProject
Global
	GlobalSection(SolutionConfigurationPlatforms) = preSolution
		Debug|Any CPU = Debug|Any CPU
		Release|Any CPU = Release|Any CPU
	EndGlobalSection
	GlobalSection(ProjectConfigurationPlatforms) = postSolution
		{BD21A130-63CE-4530-92E3-24923826663E}.Debug|Any CPU.ActiveCfg = Debug|Any CPU
		{BD21A130-63CE-4530-92E3-24923826663E}.Debug|Any CPU.Build.0 = Debug|Any CPU
		{BD21A130-63CE-4530-92E3-24923826663E}.Release|Any CPU.ActiveCfg = Release|Any CPU
		{BD21A130-63CE-4530-92E3-24923826663E}.Release|Any CPU.Build.0 = Release|Any CPU
	EndGlobalSection
	GlobalSection(SolutionProperties) = preSolution
		HideSolutionNode = FALSE
	EndGlobalSection
	GlobalSection(ExtensibilityGlobals) = postSolution
		SolutionGuid = {58BA97FC-597A-4F33-A3C3-EE23695956BE}
	EndGlobalSection
EndGlobal
